// !$*UTF8*$!
{
	archiveVersion = 1;
	classes = {
	};
	objectVersion = 55;
	objects = {

/* Begin PBXBuildFile section */
		5B0DB26728054C9600C6DD0C /* RaitingControl.swift in Sources */ = {isa = PBXBuildFile; fileRef = 5B0DB26628054C9600C6DD0C /* RaitingControl.swift */; };
		5B1E022F27FC1CB10027C314 /* NewPlacesViewController.swift in Sources */ = {isa = PBXBuildFile; fileRef = 5B1E022E27FC1CB00027C314 /* NewPlacesViewController.swift */; };
		5B26914427FAC21000AFE885 /* AppDelegate.swift in Sources */ = {isa = PBXBuildFile; fileRef = 5B26914327FAC21000AFE885 /* AppDelegate.swift */; };
		5B26914627FAC21000AFE885 /* SceneDelegate.swift in Sources */ = {isa = PBXBuildFile; fileRef = 5B26914527FAC21000AFE885 /* SceneDelegate.swift */; };
		5B26914D27FAC21100AFE885 /* Assets.xcassets in Resources */ = {isa = PBXBuildFile; fileRef = 5B26914C27FAC21100AFE885 /* Assets.xcassets */; };
		5B26915027FAC21100AFE885 /* LaunchScreen.storyboard in Resources */ = {isa = PBXBuildFile; fileRef = 5B26914E27FAC21100AFE885 /* LaunchScreen.storyboard */; };
		5B26915A27FB5B8D00AFE885 /* CustomTableViewCell.swift in Sources */ = {isa = PBXBuildFile; fileRef = 5B26915927FB5B8D00AFE885 /* CustomTableViewCell.swift */; };
		5B26915C27FB69FA00AFE885 /* modelPlace.swift in Sources */ = {isa = PBXBuildFile; fileRef = 5B26915B27FB69FA00AFE885 /* modelPlace.swift */; };
		5BD87B7327FEB7E600A48A8A /* MainViewController.swift in Sources */ = {isa = PBXBuildFile; fileRef = 5BD87B7227FEB7E600A48A8A /* MainViewController.swift */; };
		5BFA0ABE2800093F001D365A /* StorageManager.swift in Sources */ = {isa = PBXBuildFile; fileRef = 5BFA0ABD2800093F001D365A /* StorageManager.swift */; };
		AD30F93705F86711220C8C56 /* Pods_Places.framework in Frameworks */ = {isa = PBXBuildFile; fileRef = C50257A203A78BD19B643C0D /* Pods_Places.framework */; };
/* End PBXBuildFile section */

/* Begin PBXFileReference section */
		5B0DB26628054C9600C6DD0C /* RaitingControl.swift */ = {isa = PBXFileReference; lastKnownFileType = sourcecode.swift; path = RaitingControl.swift; sourceTree = "<group>"; };
		5B1E022E27FC1CB00027C314 /* NewPlacesViewController.swift */ = {isa = PBXFileReference; lastKnownFileType = sourcecode.swift; path = NewPlacesViewController.swift; sourceTree = "<group>"; };
		5B26914027FAC21000AFE885 /* Places.app */ = {isa = PBXFileReference; explicitFileType = wrapper.application; includeInIndex = 0; path = Places.app; sourceTree = BUILT_PRODUCTS_DIR; };
		5B26914327FAC21000AFE885 /* AppDelegate.swift */ = {isa = PBXFileReference; lastKnownFileType = sourcecode.swift; path = AppDelegate.swift; sourceTree = "<group>"; };
		5B26914527FAC21000AFE885 /* SceneDelegate.swift */ = {isa = PBXFileReference; lastKnownFileType = sourcecode.swift; path = SceneDelegate.swift; sourceTree = "<group>"; };
		5B26914C27FAC21100AFE885 /* Assets.xcassets */ = {isa = PBXFileReference; lastKnownFileType = folder.assetcatalog; path = Assets.xcassets; sourceTree = "<group>"; };
		5B26914F27FAC21100AFE885 /* Base */ = {isa = PBXFileReference; lastKnownFileType = file.storyboard; name = Base; path = Base.lproj/LaunchScreen.storyboard; sourceTree = "<group>"; };
		5B26915127FAC21100AFE885 /* Info.plist */ = {isa = PBXFileReference; lastKnownFileType = text.plist.xml; path = Info.plist; sourceTree = "<group>"; };
		5B26915927FB5B8D00AFE885 /* CustomTableViewCell.swift */ = {isa = PBXFileReference; lastKnownFileType = sourcecode.swift; path = CustomTableViewCell.swift; sourceTree = "<group>"; };
		5B26915B27FB69FA00AFE885 /* modelPlace.swift */ = {isa = PBXFileReference; lastKnownFileType = sourcecode.swift; path = modelPlace.swift; sourceTree = "<group>"; };
		5BD87B7227FEB7E600A48A8A /* MainViewController.swift */ = {isa = PBXFileReference; lastKnownFileType = sourcecode.swift; path = MainViewController.swift; sourceTree = "<group>"; };
		5BFA0ABD2800093F001D365A /* StorageManager.swift */ = {isa = PBXFileReference; lastKnownFileType = sourcecode.swift; path = StorageManager.swift; sourceTree = "<group>"; };
		6FC7FBC04B54E1F6D3AE39FF /* Pods-Places.release.xcconfig */ = {isa = PBXFileReference; includeInIndex = 1; lastKnownFileType = text.xcconfig; name = "Pods-Places.release.xcconfig"; path = "Target Support Files/Pods-Places/Pods-Places.release.xcconfig"; sourceTree = "<group>"; };
		7D3F8AC402BD1C025C138890 /* Pods-Places.debug.xcconfig */ = {isa = PBXFileReference; includeInIndex = 1; lastKnownFileType = text.xcconfig; name = "Pods-Places.debug.xcconfig"; path = "Target Support Files/Pods-Places/Pods-Places.debug.xcconfig"; sourceTree = "<group>"; };
		C50257A203A78BD19B643C0D /* Pods_Places.framework */ = {isa = PBXFileReference; explicitFileType = wrapper.framework; includeInIndex = 0; path = Pods_Places.framework; sourceTree = BUILT_PRODUCTS_DIR; };
/* End PBXFileReference section */

/* Begin PBXFrameworksBuildPhase section */
		5B26913D27FAC21000AFE885 /* Frameworks */ = {
			isa = PBXFrameworksBuildPhase;
			buildActionMask = 2147483647;
			files = (
				AD30F93705F86711220C8C56 /* Pods_Places.framework in Frameworks */,
			);
			runOnlyForDeploymentPostprocessing = 0;
		};
/* End PBXFrameworksBuildPhase section */

/* Begin PBXGroup section */
		5B26913727FAC21000AFE885 = {
			isa = PBXGroup;
			children = (
				5B26914227FAC21000AFE885 /* Places */,
				5B26914127FAC21000AFE885 /* Products */,
				6216A92467AF82B73A7EFC09 /* Pods */,
				F687F18966AEB11B18D5840D /* Frameworks */,
			);
			sourceTree = "<group>";
		};
		5B26914127FAC21000AFE885 /* Products */ = {
			isa = PBXGroup;
			children = (
				5B26914027FAC21000AFE885 /* Places.app */,
			);
			name = Products;
			sourceTree = "<group>";
		};
		5B26914227FAC21000AFE885 /* Places */ = {
			isa = PBXGroup;
			children = (
				5B26914327FAC21000AFE885 /* AppDelegate.swift */,
				5B26914527FAC21000AFE885 /* SceneDelegate.swift */,
				5BD87B7227FEB7E600A48A8A /* MainViewController.swift */,
				5B1E022E27FC1CB00027C314 /* NewPlacesViewController.swift */,
				5B0DB26628054C9600C6DD0C /* RaitingControl.swift */,
				5B26915B27FB69FA00AFE885 /* modelPlace.swift */,
				5B26915927FB5B8D00AFE885 /* CustomTableViewCell.swift */,
				5BFA0ABF2800095A001D365A /* Storage */,
				5B26914C27FAC21100AFE885 /* Assets.xcassets */,
				5B26914E27FAC21100AFE885 /* LaunchScreen.storyboard */,
				5B26915127FAC21100AFE885 /* Info.plist */,
			);
			path = Places;
			sourceTree = "<group>";
		};
		5BFA0ABF2800095A001D365A /* Storage */ = {
			isa = PBXGroup;
			children = (
				5BFA0ABD2800093F001D365A /* StorageManager.swift */,
			);
			path = Storage;
			sourceTree = "<group>";
		};
		6216A92467AF82B73A7EFC09 /* Pods */ = {
			isa = PBXGroup;
			children = (
				7D3F8AC402BD1C025C138890 /* Pods-Places.debug.xcconfig */,
				6FC7FBC04B54E1F6D3AE39FF /* Pods-Places.release.xcconfig */,
			);
			path = Pods;
			sourceTree = "<group>";
		};
		F687F18966AEB11B18D5840D /* Frameworks */ = {
			isa = PBXGroup;
			children = (
				C50257A203A78BD19B643C0D /* Pods_Places.framework */,
			);
			name = Frameworks;
			sourceTree = "<group>";
		};
/* End PBXGroup section */

/* Begin PBXNativeTarget section */
		5B26913F27FAC21000AFE885 /* Places */ = {
			isa = PBXNativeTarget;
			buildConfigurationList = 5B26915427FAC21100AFE885 /* Build configuration list for PBXNativeTarget "Places" */;
			buildPhases = (
				5A3AFE594E13E54FD720F4DA /* [CP] Check Pods Manifest.lock */,
				5B26913C27FAC21000AFE885 /* Sources */,
				5B26913D27FAC21000AFE885 /* Frameworks */,
				5B26913E27FAC21000AFE885 /* Resources */,
				3F12FFB6DB768E3846BA8089 /* [CP] Embed Pods Frameworks */,
			);
			buildRules = (
			);
			dependencies = (
			);
			name = Places;
			productName = Places;
			productReference = 5B26914027FAC21000AFE885 /* Places.app */;
			productType = "com.apple.product-type.application";
		};
/* End PBXNativeTarget section */

/* Begin PBXProject section */
		5B26913827FAC21000AFE885 /* Project object */ = {
			isa = PBXProject;
			attributes = {
				BuildIndependentTargetsInParallel = 1;
				LastSwiftUpdateCheck = 1330;
				LastUpgradeCheck = 1330;
				TargetAttributes = {
					5B26913F27FAC21000AFE885 = {
						CreatedOnToolsVersion = 13.3;
					};
				};
			};
			buildConfigurationList = 5B26913B27FAC21000AFE885 /* Build configuration list for PBXProject "Places" */;
			compatibilityVersion = "Xcode 13.0";
			developmentRegion = en;
			hasScannedForEncodings = 0;
			knownRegions = (
				en,
				Base,
			);
			mainGroup = 5B26913727FAC21000AFE885;
			productRefGroup = 5B26914127FAC21000AFE885 /* Products */;
			projectDirPath = "";
			projectRoot = "";
			targets = (
				5B26913F27FAC21000AFE885 /* Places */,
			);
		};
/* End PBXProject section */

/* Begin PBXResourcesBuildPhase section */
		5B26913E27FAC21000AFE885 /* Resources */ = {
			isa = PBXResourcesBuildPhase;
			buildActionMask = 2147483647;
			files = (
				5B26915027FAC21100AFE885 /* LaunchScreen.storyboard in Resources */,
				5B26914D27FAC21100AFE885 /* Assets.xcassets in Resources */,
			);
			runOnlyForDeploymentPostprocessing = 0;
		};
/* End PBXResourcesBuildPhase section */

/* Begin PBXShellScriptBuildPhase section */
		3F12FFB6DB768E3846BA8089 /* [CP] Embed Pods Frameworks */ = {
			isa = PBXShellScriptBuildPhase;
			buildActionMask = 2147483647;
			files = (
			);
			inputFileListPaths = (
				"${PODS_ROOT}/Target Support Files/Pods-Places/Pods-Places-frameworks-${CONFIGURATION}-input-files.xcfilelist",
			);
			name = "[CP] Embed Pods Frameworks";
			outputFileListPaths = (
				"${PODS_ROOT}/Target Support Files/Pods-Places/Pods-Places-frameworks-${CONFIGURATION}-output-files.xcfilelist",
			);
			runOnlyForDeploymentPostprocessing = 0;
			shellPath = /bin/sh;
			shellScript = "\"${PODS_ROOT}/Target Support Files/Pods-Places/Pods-Places-frameworks.sh\"\n";
			showEnvVarsInLog = 0;
		};
		5A3AFE594E13E54FD720F4DA /* [CP] Check Pods Manifest.lock */ = {
			isa = PBXShellScriptBuildPhase;
			buildActionMask = 2147483647;
			files = (
			);
			inputFileListPaths = (
			);
			inputPaths = (
				"${PODS_PODFILE_DIR_PATH}/Podfile.lock",
				"${PODS_ROOT}/Manifest.lock",
			);
			name = "[CP] Check Pods Manifest.lock";
			outputFileListPaths = (
			);
			outputPaths = (
				"$(DERIVED_FILE_DIR)/Pods-Places-checkManifestLockResult.txt",
			);
			runOnlyForDeploymentPostprocessing = 0;
			shellPath = /bin/sh;
			shellScript = "diff \"${PODS_PODFILE_DIR_PATH}/Podfile.lock\" \"${PODS_ROOT}/Manifest.lock\" > /dev/null\nif [ $? != 0 ] ; then\n    # print error to STDERR\n    echo \"error: The sandbox is not in sync with the Podfile.lock. Run 'pod install' or update your CocoaPods installation.\" >&2\n    exit 1\nfi\n# This output is used by Xcode 'outputs' to avoid re-running this script phase.\necho \"SUCCESS\" > \"${SCRIPT_OUTPUT_FILE_0}\"\n";
			showEnvVarsInLog = 0;
		};
/* End PBXShellScriptBuildPhase section */

/* Begin PBXSourcesBuildPhase section */
		5B26913C27FAC21000AFE885 /* Sources */ = {
			isa = PBXSourcesBuildPhase;
			buildActionMask = 2147483647;
			files = (
				5B26915A27FB5B8D00AFE885 /* CustomTableViewCell.swift in Sources */,
				5BD87B7327FEB7E600A48A8A /* MainViewController.swift in Sources */,
				5B26914427FAC21000AFE885 /* AppDelegate.swift in Sources */,
				5BFA0ABE2800093F001D365A /* StorageManager.swift in Sources */,
				5B26914627FAC21000AFE885 /* SceneDelegate.swift in Sources */,
				5B26915C27FB69FA00AFE885 /* modelPlace.swift in Sources */,
				5B0DB26728054C9600C6DD0C /* RaitingControl.swift in Sources */,
				5B1E022F27FC1CB10027C314 /* NewPlacesViewController.swift in Sources */,
			);
			runOnlyForDeploymentPostprocessing = 0;
		};
/* End PBXSourcesBuildPhase section */

/* Begin PBXVariantGroup section */
		5B26914E27FAC21100AFE885 /* LaunchScreen.storyboard */ = {
			isa = PBXVariantGroup;
			children = (
				5B26914F27FAC21100AFE885 /* Base */,
			);
			name = LaunchScreen.storyboard;
			sourceTree = "<group>";
		};
/* End PBXVariantGroup section */

/* Begin XCBuildConfiguration section */
		5B26915227FAC21100AFE885 /* Debug */ = {
			isa = XCBuildConfiguration;
			buildSettings = {
				ALWAYS_SEARCH_USER_PATHS = NO;
				CLANG_ANALYZER_NONNULL = YES;
				CLANG_ANALYZER_NUMBER_OBJECT_CONVERSION = YES_AGGRESSIVE;
				CLANG_CXX_LANGUAGE_STANDARD = "gnu++17";
				CLANG_ENABLE_MODULES = YES;
				CLANG_ENABLE_OBJC_ARC = YES;
				CLANG_ENABLE_OBJC_WEAK = YES;
				CLANG_WARN_BLOCK_CAPTURE_AUTORELEASING = YES;
				CLANG_WARN_BOOL_CONVERSION = YES;
				CLANG_WARN_COMMA = YES;
				CLANG_WARN_CONSTANT_CONVERSION = YES;
				CLANG_WARN_DEPRECATED_OBJC_IMPLEMENTATIONS = YES;
				CLANG_WARN_DIRECT_OBJC_ISA_USAGE = YES_ERROR;
				CLANG_WARN_DOCUMENTATION_COMMENTS = YES;
				CLANG_WARN_EMPTY_BODY = YES;
				CLANG_WARN_ENUM_CONVERSION = YES;
				CLANG_WARN_INFINITE_RECURSION = YES;
				CLANG_WARN_INT_CONVERSION = YES;
				CLANG_WARN_NON_LITERAL_NULL_CONVERSION = YES;
				CLANG_WARN_OBJC_IMPLICIT_RETAIN_SELF = YES;
				CLANG_WARN_OBJC_LITERAL_CONVERSION = YES;
				CLANG_WARN_OBJC_ROOT_CLASS = YES_ERROR;
				CLANG_WARN_QUOTED_INCLUDE_IN_FRAMEWORK_HEADER = YES;
				CLANG_WARN_RANGE_LOOP_ANALYSIS = YES;
				CLANG_WARN_STRICT_PROTOTYPES = YES;
				CLANG_WARN_SUSPICIOUS_MOVE = YES;
				CLANG_WARN_UNGUARDED_AVAILABILITY = YES_AGGRESSIVE;
				CLANG_WARN_UNREACHABLE_CODE = YES;
				CLANG_WARN__DUPLICATE_METHOD_MATCH = YES;
				COPY_PHASE_STRIP = NO;
				DEBUG_INFORMATION_FORMAT = dwarf;
				ENABLE_STRICT_OBJC_MSGSEND = YES;
				ENABLE_TESTABILITY = YES;
				GCC_C_LANGUAGE_STANDARD = gnu11;
				GCC_DYNAMIC_NO_PIC = NO;
				GCC_NO_COMMON_BLOCKS = YES;
				GCC_OPTIMIZATION_LEVEL = 0;
				GCC_PREPROCESSOR_DEFINITIONS = (
					"DEBUG=1",
					"$(inherited)",
				);
				GCC_WARN_64_TO_32_BIT_CONVERSION = YES;
				GCC_WARN_ABOUT_RETURN_TYPE = YES_ERROR;
				GCC_WARN_UNDECLARED_SELECTOR = YES;
				GCC_WARN_UNINITIALIZED_AUTOS = YES_AGGRESSIVE;
				GCC_WARN_UNUSED_FUNCTION = YES;
				GCC_WARN_UNUSED_VARIABLE = YES;
				IPHONEOS_DEPLOYMENT_TARGET = 15.4;
				MTL_ENABLE_DEBUG_INFO = INCLUDE_SOURCE;
				MTL_FAST_MATH = YES;
				ONLY_ACTIVE_ARCH = YES;
				SDKROOT = iphoneos;
				SWIFT_ACTIVE_COMPILATION_CONDITIONS = DEBUG;
				SWIFT_OPTIMIZATION_LEVEL = "-Onone";
			};
			name = Debug;
		};
		5B26915327FAC21100AFE885 /* Release */ = {
			isa = XCBuildConfiguration;
			buildSettings = {
				ALWAYS_SEARCH_USER_PATHS = NO;
				CLANG_ANALYZER_NONNULL = YES;
				CLANG_ANALYZER_NUMBER_OBJECT_CONVERSION = YES_AGGRESSIVE;
				CLANG_CXX_LANGUAGE_STANDARD = "gnu++17";
				CLANG_ENABLE_MODULES = YES;
				CLANG_ENABLE_OBJC_ARC = YES;
				CLANG_ENABLE_OBJC_WEAK = YES;
				CLANG_WARN_BLOCK_CAPTURE_AUTORELEASING = YES;
				CLANG_WARN_BOOL_CONVERSION = YES;
				CLANG_WARN_COMMA = YES;
				CLANG_WARN_CONSTANT_CONVERSION = YES;
				CLANG_WARN_DEPRECATED_OBJC_IMPLEMENTATIONS = YES;
				CLANG_WARN_DIRECT_OBJC_ISA_USAGE = YES_ERROR;
				CLANG_WARN_DOCUMENTATION_COMMENTS = YES;
				CLANG_WARN_EMPTY_BODY = YES;
				CLANG_WARN_ENUM_CONVERSION = YES;
				CLANG_WARN_INFINITE_RECURSION = YES;
				CLANG_WARN_INT_CONVERSION = YES;
				CLANG_WARN_NON_LITERAL_NULL_CONVERSION = YES;
				CLANG_WARN_OBJC_IMPLICIT_RETAIN_SELF = YES;
				CLANG_WARN_OBJC_LITERAL_CONVERSION = YES;
				CLANG_WARN_OBJC_ROOT_CLASS = YES_ERROR;
				CLANG_WARN_QUOTED_INCLUDE_IN_FRAMEWORK_HEADER = YES;
				CLANG_WARN_RANGE_LOOP_ANALYSIS = YES;
				CLANG_WARN_STRICT_PROTOTYPES = YES;
				CLANG_WARN_SUSPICIOUS_MOVE = YES;
				CLANG_WARN_UNGUARDED_AVAILABILITY = YES_AGGRESSIVE;
				CLANG_WARN_UNREACHABLE_CODE = YES;
				CLANG_WARN__DUPLICATE_METHOD_MATCH = YES;
				COPY_PHASE_STRIP = NO;
				DEBUG_INFORMATION_FORMAT = "dwarf-with-dsym";
				ENABLE_NS_ASSERTIONS = NO;
				ENABLE_STRICT_OBJC_MSGSEND = YES;
				GCC_C_LANGUAGE_STANDARD = gnu11;
				GCC_NO_COMMON_BLOCKS = YES;
				GCC_WARN_64_TO_32_BIT_CONVERSION = YES;
				GCC_WARN_ABOUT_RETURN_TYPE = YES_ERROR;
				GCC_WARN_UNDECLARED_SELECTOR = YES;
				GCC_WARN_UNINITIALIZED_AUTOS = YES_AGGRESSIVE;
				GCC_WARN_UNUSED_FUNCTION = YES;
				GCC_WARN_UNUSED_VARIABLE = YES;
				IPHONEOS_DEPLOYMENT_TARGET = 15.4;
				MTL_ENABLE_DEBUG_INFO = NO;
				MTL_FAST_MATH = YES;
				SDKROOT = iphoneos;
				SWIFT_COMPILATION_MODE = wholemodule;
				SWIFT_OPTIMIZATION_LEVEL = "-O";
				VALIDATE_PRODUCT = YES;
			};
			name = Release;
		};
		5B26915527FAC21100AFE885 /* Debug */ = {
			isa = XCBuildConfiguration;
			baseConfigurationReference = 7D3F8AC402BD1C025C138890 /* Pods-Places.debug.xcconfig */;
			buildSettings = {
				ASSETCATALOG_COMPILER_APPICON_NAME = AppIcon;
				ASSETCATALOG_COMPILER_GLOBAL_ACCENT_COLOR_NAME = AccentColor;
				CODE_SIGN_STYLE = Automatic;
				CURRENT_PROJECT_VERSION = 1;
				DEVELOPMENT_TEAM = KL9Y7R8H95;
				GENERATE_INFOPLIST_FILE = YES;
				INFOPLIST_FILE = Places/Info.plist;
				INFOPLIST_KEY_UIApplicationSupportsIndirectInputEvents = YES;
				INFOPLIST_KEY_UILaunchStoryboardName = LaunchScreen;
				INFOPLIST_KEY_UISupportedInterfaceOrientations_iPad = "UIInterfaceOrientationPortrait UIInterfaceOrientationPortraitUpsideDown UIInterfaceOrientationLandscapeLeft UIInterfaceOrientationLandscapeRight";
				INFOPLIST_KEY_UISupportedInterfaceOrientations_iPhone = "UIInterfaceOrientationPortrait UIInterfaceOrientationLandscapeLeft UIInterfaceOrientationLandscapeRight";
				IPHONEOS_DEPLOYMENT_TARGET = 15.4;
				LD_RUNPATH_SEARCH_PATHS = (
					"$(inherited)",
					"@executable_path/Frameworks",
				);
				MARKETING_VERSION = 1.0;
				PRODUCT_BUNDLE_IDENTIFIER = Pusmall.Places;
				PRODUCT_NAME = "$(TARGET_NAME)";
				SWIFT_EMIT_LOC_STRINGS = YES;
				SWIFT_VERSION = 5.0;
				TARGETED_DEVICE_FAMILY = 1;
			};
			name = Debug;
		};
		5B26915627FAC21100AFE885 /* Release */ = {
			isa = XCBuildConfiguration;
			baseConfigurationReference = 6FC7FBC04B54E1F6D3AE39FF /* Pods-Places.release.xcconfig */;
			buildSettings = {
				ASSETCATALOG_COMPILER_APPICON_NAME = AppIcon;
				ASSETCATALOG_COMPILER_GLOBAL_ACCENT_COLOR_NAME = AccentColor;
				CODE_SIGN_STYLE = Automatic;
				CURRENT_PROJECT_VERSION = 1;
				DEVELOPMENT_TEAM = KL9Y7R8H95;
				GENERATE_INFOPLIST_FILE = YES;
				INFOPLIST_FILE = Places/Info.plist;
				INFOPLIST_KEY_UIApplicationSupportsIndirectInputEvents = YES;
				INFOPLIST_KEY_UILaunchStoryboardName = LaunchScreen;
				INFOPLIST_KEY_UISupportedInterfaceOrientations_iPad = "UIInterfaceOrientationPortrait UIInterfaceOrientationPortraitUpsideDown UIInterfaceOrientationLandscapeLeft UIInterfaceOrientationLandscapeRight";
				INFOPLIST_KEY_UISupportedInterfaceOrientations_iPhone = "UIInterfaceOrientationPortrait UIInterfaceOrientationLandscapeLeft UIInterfaceOrientationLandscapeRight";
				IPHONEOS_DEPLOYMENT_TARGET = 15.4;
				LD_RUNPATH_SEARCH_PATHS = (
					"$(inherited)",
					"@executable_path/Frameworks",
				);
				MARKETING_VERSION = 1.0;
				PRODUCT_BUNDLE_IDENTIFIER = Pusmall.Places;
				PRODUCT_NAME = "$(TARGET_NAME)";
				SWIFT_EMIT_LOC_STRINGS = YES;
				SWIFT_VERSION = 5.0;
				TARGETED_DEVICE_FAMILY = 1;
			};
			name = Release;
		};
/* End XCBuildConfiguration section */

/* Begin XCConfigurationList section */
		5B26913B27FAC21000AFE885 /* Build configuration list for PBXProject "Places" */ = {
			isa = XCConfigurationList;
			buildConfigurations = (
				5B26915227FAC21100AFE885 /* Debug */,
				5B26915327FAC21100AFE885 /* Release */,
			);
			defaultConfigurationIsVisible = 0;
			defaultConfigurationName = Release;
		};
		5B26915427FAC21100AFE885 /* Build configuration list for PBXNativeTarget "Places" */ = {
			isa = XCConfigurationList;
			buildConfigurations = (
				5B26915527FAC21100AFE885 /* Debug */,
				5B26915627FAC21100AFE885 /* Release */,
			);
			defaultConfigurationIsVisible = 0;
			defaultConfigurationName = Release;
		};
/* End XCConfigurationList section */
	};
	rootObject = 5B26913827FAC21000AFE885 /* Project object */;
}
